
Microsoft Visual Studio Solution File, Format Version 12.00
# Visual Studio Version 16
VisualStudioVersion = 16.0.30225.117
MinimumVisualStudioVersion = 10.0.40219.1
Project("{FAE04EC0-301F-11D3-BF4B-00C04F79EFBC}") = "PunktKommaZahl", "PunktKommaZahl\PunktKommaZahl.csproj", "{57E34BF0-477B-41E3-B2FB-C6E0CF47C3BD}"
EndProject
Global
	GlobalSection(SolutionConfigurationPlatforms) = preSolution
		Debug|Any CPU = Debug|Any CPU
		Release|Any CPU = Release|Any CPU
	EndGlobalSection
	GlobalSection(ProjectConfigurationPlatforms) = postSolution
		{57E34BF0-477B-41E3-B2FB-C6E0CF47C3BD}.Debug|Any CPU.ActiveCfg = Debug|Any CPU
		{57E34BF0-477B-41E3-B2FB-C6E0CF47C3BD}.Debug|Any CPU.Build.0 = Debug|Any CPU
		{57E34BF0-477B-41E3-B2FB-C6E0CF47C3BD}.Release|Any CPU.ActiveCfg = Release|Any CPU
		{57E34BF0-477B-41E3-B2FB-C6E0CF47C3BD}.Release|Any CPU.Build.0 = Release|Any CPU
	EndGlobalSection
	GlobalSection(SolutionProperties) = preSolution
		HideSolutionNode = FALSE
	EndGlobalSection
	GlobalSection(ExtensibilityGlobals) = postSolution
		SolutionGuid = {CF989DB5-2C1D-4A43-9C6A-D9FA2E2F5493}
	EndGlobalSection
EndGlobal
